{
  "name": "hxprompts",
  "version": "1.0.0",
  "lockfileVersion": 1,
  "requires": true,
  "dependencies": {
    "@types/node": {
      "version": "14.6.4",
      "resolved": "https://registry.npmjs.org/@types/node/-/node-14.6.4.tgz",
      "integrity": "sha512-Wk7nG1JSaMfMpoMJDKUsWYugliB2Vy55pdjLpmLixeyMi7HizW2I/9QoxsPCkXl3dO+ZOVqPumKaDUv5zJu2uQ=="
    },
    "@types/prompts": {
      "version": "2.0.8",
      "resolved": "https://registry.npmjs.org/@types/prompts/-/prompts-2.0.8.tgz",
      "integrity": "sha512-lXXAa8c8ASoA61Tj9H5E5V2mRUTvNZ/dpJ5KxghI+O5geWMHt73NLZ9kEBBDK7zUUfMsMY3ZH4Sqeqh3SjSyfg==",
      "requires": {
        "@types/node": "*"
      }
    },
    "dts2hx": {
      "version": "0.13.3",
      "resolved": "https://registry.npmjs.org/dts2hx/-/dts2hx-0.13.3.tgz",
      "integrity": "sha512-VPhpAQBAE9N4l/YmYOdsGS/f/L9gCDMMbdycM1HfWpa6EB8iGp6aVS+BM1YReWXRSGmvEtNy1DZ9nW1ddaoJvg==",
      "dev": true,
      "requires": {
        "typescript": "3.7.4"
      }
    },
    "typescript": {
      "version": "3.7.4",
      "resolved": "https://registry.npmjs.org/typescript/-/typescript-3.7.4.tgz",
      "integrity": "sha512-A25xv5XCtarLwXpcDNZzCGvW2D1S3/bACratYBx2sax8PefsFhlYmkQicKHvpYflFS8if4zne5zT5kpJ7pzuvw==",
      "dev": true
    }
  }
}
